// !$*UTF8*$!
{
	archiveVersion = 1;
	classes = {
	};
	objectVersion = 46;
	objects = {

/* Begin PBXBuildFile section */
		B0F291F01C6EE80400787D19 /* main.m in Sources */ = {isa = PBXBuildFile; fileRef = B0F291EF1C6EE80400787D19 /* main.m */; };
		B0F291F31C6EE80400787D19 /* AppDelegate.m in Sources */ = {isa = PBXBuildFile; fileRef = B0F291F21C6EE80400787D19 /* AppDelegate.m */; };
		B0F291F61C6EE80400787D19 /* ViewController.m in Sources */ = {isa = PBXBuildFile; fileRef = B0F291F51C6EE80400787D19 /* ViewController.m */; };
		B0F291F91C6EE80400787D19 /* Main.storyboard in Resources */ = {isa = PBXBuildFile; fileRef = B0F291F71C6EE80400787D19 /* Main.storyboard */; };
		B0F291FB1C6EE80400787D19 /* Assets.xcassets in Resources */ = {isa = PBXBuildFile; fileRef = B0F291FA1C6EE80400787D19 /* Assets.xcassets */; };
		B0F291FE1C6EE80400787D19 /* LaunchScreen.storyboard in Resources */ = {isa = PBXBuildFile; fileRef = B0F291FC1C6EE80400787D19 /* LaunchScreen.storyboard */; };
		B0F292091C6EE80400787D19 /* GYStatusBarHUDTests.m in Sources */ = {isa = PBXBuildFile; fileRef = B0F292081C6EE80400787D19 /* GYStatusBarHUDTests.m */; };
		B0F292141C6EE80500787D19 /* GYStatusBarHUDUITests.m in Sources */ = {isa = PBXBuildFile; fileRef = B0F292131C6EE80500787D19 /* GYStatusBarHUDUITests.m */; };
		B0F292231C6EE8AC00787D19 /* GYStatusBarHUD.m in Sources */ = {isa = PBXBuildFile; fileRef = B0F292221C6EE8AC00787D19 /* GYStatusBarHUD.m */; };
		B0F2922E1C6EEC8900787D19 /* GYStatusBarHUD.bundle in Resources */ = {isa = PBXBuildFile; fileRef = B0F2922D1C6EEC8900787D19 /* GYStatusBarHUD.bundle */; };
/* End PBXBuildFile section */

/* Begin PBXContainerItemProxy section */
		B0F292051C6EE80400787D19 /* PBXContainerItemProxy */ = {
			isa = PBXContainerItemProxy;
			containerPortal = B0F291E31C6EE80300787D19 /* Project object */;
			proxyType = 1;
			remoteGlobalIDString = B0F291EA1C6EE80300787D19;
			remoteInfo = GYStatusBarHUD;
		};
		B0F292101C6EE80400787D19 /* PBXContainerItemProxy */ = {
			isa = PBXContainerItemProxy;
			containerPortal = B0F291E31C6EE80300787D19 /* Project object */;
			proxyType = 1;
			remoteGlobalIDString = B0F291EA1C6EE80300787D19;
			remoteInfo = GYStatusBarHUD;
		};
/* End PBXContainerItemProxy section */

/* Begin PBXFileReference section */
		B0F291EB1C6EE80300787D19 /* GYStatusBarHUD.app */ = {isa = PBXFileReference; explicitFileType = wrapper.application; includeInIndex = 0; path = GYStatusBarHUD.app; sourceTree = BUILT_PRODUCTS_DIR; };
		B0F291EF1C6EE80400787D19 /* main.m */ = {isa = PBXFileReference; lastKnownFileType = sourcecode.c.objc; path = main.m; sourceTree = "<group>"; };
		B0F291F11C6EE80400787D19 /* AppDelegate.h */ = {isa = PBXFileReference; lastKnownFileType = sourcecode.c.h; path = AppDelegate.h; sourceTree = "<group>"; };
		B0F291F21C6EE80400787D19 /* AppDelegate.m */ = {isa = PBXFileReference; lastKnownFileType = sourcecode.c.objc; path = AppDelegate.m; sourceTree = "<group>"; };
		B0F291F41C6EE80400787D19 /* ViewController.h */ = {isa = PBXFileReference; lastKnownFileType = sourcecode.c.h; path = ViewController.h; sourceTree = "<group>"; };
		B0F291F51C6EE80400787D19 /* ViewController.m */ = {isa = PBXFileReference; lastKnownFileType = sourcecode.c.objc; path = ViewController.m; sourceTree = "<group>"; };
		B0F291F81C6EE80400787D19 /* Base */ = {isa = PBXFileReference; lastKnownFileType = file.storyboard; name = Base; path = Base.lproj/Main.storyboard; sourceTree = "<group>"; };
		B0F291FA1C6EE80400787D19 /* Assets.xcassets */ = {isa = PBXFileReference; lastKnownFileType = folder.assetcatalog; path = Assets.xcassets; sourceTree = "<group>"; };
		B0F291FD1C6EE80400787D19 /* Base */ = {isa = PBXFileReference; lastKnownFileType = file.storyboard; name = Base; path = Base.lproj/LaunchScreen.storyboard; sourceTree = "<group>"; };
		B0F291FF1C6EE80400787D19 /* Info.plist */ = {isa = PBXFileReference; lastKnownFileType = text.plist.xml; path = Info.plist; sourceTree = "<group>"; };
		B0F292041C6EE80400787D19 /* GYStatusBarHUDTests.xctest */ = {isa = PBXFileReference; explicitFileType = wrapper.cfbundle; includeInIndex = 0; path = GYStatusBarHUDTests.xctest; sourceTree = BUILT_PRODUCTS_DIR; };
		B0F292081C6EE80400787D19 /* GYStatusBarHUDTests.m */ = {isa = PBXFileReference; lastKnownFileType = sourcecode.c.objc; path = GYStatusBarHUDTests.m; sourceTree = "<group>"; };
		B0F2920A1C6EE80400787D19 /* Info.plist */ = {isa = PBXFileReference; lastKnownFileType = text.plist.xml; path = Info.plist; sourceTree = "<group>"; };
		B0F2920F1C6EE80400787D19 /* GYStatusBarHUDUITests.xctest */ = {isa = PBXFileReference; explicitFileType = wrapper.cfbundle; includeInIndex = 0; path = GYStatusBarHUDUITests.xctest; sourceTree = BUILT_PRODUCTS_DIR; };
		B0F292131C6EE80500787D19 /* GYStatusBarHUDUITests.m */ = {isa = PBXFileReference; lastKnownFileType = sourcecode.c.objc; path = GYStatusBarHUDUITests.m; sourceTree = "<group>"; };
		B0F292151C6EE80500787D19 /* Info.plist */ = {isa = PBXFileReference; lastKnownFileType = text.plist.xml; path = Info.plist; sourceTree = "<group>"; };
		B0F292211C6EE8AC00787D19 /* GYStatusBarHUD.h */ = {isa = PBXFileReference; fileEncoding = 4; lastKnownFileType = sourcecode.c.h; path = GYStatusBarHUD.h; sourceTree = "<group>"; };
		B0F292221C6EE8AC00787D19 /* GYStatusBarHUD.m */ = {isa = PBXFileReference; fileEncoding = 4; lastKnownFileType = sourcecode.c.objc; path = GYStatusBarHUD.m; sourceTree = "<group>"; };
		B0F2922D1C6EEC8900787D19 /* GYStatusBarHUD.bundle */ = {isa = PBXFileReference; lastKnownFileType = "wrapper.plug-in"; path = GYStatusBarHUD.bundle; sourceTree = "<group>"; };
/* End PBXFileReference section */

/* Begin PBXFrameworksBuildPhase section */
		B0F291E81C6EE80300787D19 /* Frameworks */ = {
			isa = PBXFrameworksBuildPhase;
			buildActionMask = 2147483647;
			files = (
			);
			runOnlyForDeploymentPostprocessing = 0;
		};
		B0F292011C6EE80400787D19 /* Frameworks */ = {
			isa = PBXFrameworksBuildPhase;
			buildActionMask = 2147483647;
			files = (
			);
			runOnlyForDeploymentPostprocessing = 0;
		};
		B0F2920C1C6EE80400787D19 /* Frameworks */ = {
			isa = PBXFrameworksBuildPhase;
			buildActionMask = 2147483647;
			files = (
			);
			runOnlyForDeploymentPostprocessing = 0;
		};
/* End PBXFrameworksBuildPhase section */

/* Begin PBXGroup section */
		B0F291E21C6EE80300787D19 = {
			isa = PBXGroup;
			children = (
				B0F291ED1C6EE80400787D19 /* GYStatusBarHUD */,
				B0F292071C6EE80400787D19 /* GYStatusBarHUDTests */,
				B0F292121C6EE80500787D19 /* GYStatusBarHUDUITests */,
				B0F291EC1C6EE80300787D19 /* Products */,
			);
			sourceTree = "<group>";
		};
		B0F291EC1C6EE80300787D19 /* Products */ = {
			isa = PBXGroup;
			children = (
				B0F291EB1C6EE80300787D19 /* GYStatusBarHUD.app */,
				B0F292041C6EE80400787D19 /* GYStatusBarHUDTests.xctest */,
				B0F2920F1C6EE80400787D19 /* GYStatusBarHUDUITests.xctest */,
			);
			name = Products;
			sourceTree = "<group>";
		};
		B0F291ED1C6EE80400787D19 /* GYStatusBarHUD */ = {
			isa = PBXGroup;
			children = (
				B0F2922D1C6EEC8900787D19 /* GYStatusBarHUD.bundle */,
				B0F291F11C6EE80400787D19 /* AppDelegate.h */,
				B0F291F21C6EE80400787D19 /* AppDelegate.m */,
				B0F292211C6EE8AC00787D19 /* GYStatusBarHUD.h */,
				B0F292221C6EE8AC00787D19 /* GYStatusBarHUD.m */,
				B0F291F41C6EE80400787D19 /* ViewController.h */,
				B0F291F51C6EE80400787D19 /* ViewController.m */,
				B0F291F71C6EE80400787D19 /* Main.storyboard */,
				B0F291FA1C6EE80400787D19 /* Assets.xcassets */,
				B0F291FC1C6EE80400787D19 /* LaunchScreen.storyboard */,
				B0F291FF1C6EE80400787D19 /* Info.plist */,
				B0F291EE1C6EE80400787D19 /* Supporting Files */,
			);
			path = GYStatusBarHUD;
			sourceTree = "<group>";
		};
		B0F291EE1C6EE80400787D19 /* Supporting Files */ = {
			isa = PBXGroup;
			children = (
				B0F291EF1C6EE80400787D19 /* main.m */,
			);
			name = "Supporting Files";
			sourceTree = "<group>";
		};
		B0F292071C6EE80400787D19 /* GYStatusBarHUDTests */ = {
			isa = PBXGroup;
			children = (
				B0F292081C6EE80400787D19 /* GYStatusBarHUDTests.m */,
				B0F2920A1C6EE80400787D19 /* Info.plist */,
			);
			path = GYStatusBarHUDTests;
			sourceTree = "<group>";
		};
		B0F292121C6EE80500787D19 /* GYStatusBarHUDUITests */ = {
			isa = PBXGroup;
			children = (
				B0F292131C6EE80500787D19 /* GYStatusBarHUDUITests.m */,
				B0F292151C6EE80500787D19 /* Info.plist */,
			);
			path = GYStatusBarHUDUITests;
			sourceTree = "<group>";
		};
/* End PBXGroup section */

/* Begin PBXNativeTarget section */
		B0F291EA1C6EE80300787D19 /* GYStatusBarHUD */ = {
			isa = PBXNativeTarget;
			buildConfigurationList = B0F292181C6EE80500787D19 /* Build configuration list for PBXNativeTarget "GYStatusBarHUD" */;
			buildPhases = (
				B0F291E71C6EE80300787D19 /* Sources */,
				B0F291E81C6EE80300787D19 /* Frameworks */,
				B0F291E91C6EE80300787D19 /* Resources */,
			);
			buildRules = (
			);
			dependencies = (
			);
			name = GYStatusBarHUD;
			productName = GYStatusBarHUD;
			productReference = B0F291EB1C6EE80300787D19 /* GYStatusBarHUD.app */;
			productType = "com.apple.product-type.application";
		};
		B0F292031C6EE80400787D19 /* GYStatusBarHUDTests */ = {
			isa = PBXNativeTarget;
			buildConfigurationList = B0F2921B1C6EE80500787D19 /* Build configuration list for PBXNativeTarget "GYStatusBarHUDTests" */;
			buildPhases = (
				B0F292001C6EE80400787D19 /* Sources */,
				B0F292011C6EE80400787D19 /* Frameworks */,
				B0F292021C6EE80400787D19 /* Resources */,
			);
			buildRules = (
			);
			dependencies = (
				B0F292061C6EE80400787D19 /* PBXTargetDependency */,
			);
			name = GYStatusBarHUDTests;
			productName = GYStatusBarHUDTests;
			productReference = B0F292041C6EE80400787D19 /* GYStatusBarHUDTests.xctest */;
			productType = "com.apple.product-type.bundle.unit-test";
		};
		B0F2920E1C6EE80400787D19 /* GYStatusBarHUDUITests */ = {
			isa = PBXNativeTarget;
			buildConfigurationList = B0F2921E1C6EE80500787D19 /* Build configuration list for PBXNativeTarget "GYStatusBarHUDUITests" */;
			buildPhases = (
				B0F2920B1C6EE80400787D19 /* Sources */,
				B0F2920C1C6EE80400787D19 /* Frameworks */,
				B0F2920D1C6EE80400787D19 /* Resources */,
			);
			buildRules = (
			);
			dependencies = (
				B0F292111C6EE80400787D19 /* PBXTargetDependency */,
			);
			name = GYStatusBarHUDUITests;
			productName = GYStatusBarHUDUITests;
			productReference = B0F2920F1C6EE80400787D19 /* GYStatusBarHUDUITests.xctest */;
			productType = "com.apple.product-type.bundle.ui-testing";
		};
/* End PBXNativeTarget section */

/* Begin PBXProject section */
		B0F291E31C6EE80300787D19 /* Project object */ = {
			isa = PBXProject;
			attributes = {
				CLASSPREFIX = GY;
				LastUpgradeCheck = 0720;
				ORGANIZATIONNAME = guoya;
				TargetAttributes = {
					B0F291EA1C6EE80300787D19 = {
						CreatedOnToolsVersion = 7.2.1;
					};
					B0F292031C6EE80400787D19 = {
						CreatedOnToolsVersion = 7.2.1;
						TestTargetID = B0F291EA1C6EE80300787D19;
					};
					B0F2920E1C6EE80400787D19 = {
						CreatedOnToolsVersion = 7.2.1;
						TestTargetID = B0F291EA1C6EE80300787D19;
					};
				};
			};
			buildConfigurationList = B0F291E61C6EE80300787D19 /* Build configuration list for PBXProject "GYStatusBarHUD" */;
			compatibilityVersion = "Xcode 3.2";
			developmentRegion = English;
			hasScannedForEncodings = 0;
			knownRegions = (
				en,
				Base,
			);
			mainGroup = B0F291E21C6EE80300787D19;
			productRefGroup = B0F291EC1C6EE80300787D19 /* Products */;
			projectDirPath = "";
			projectRoot = "";
			targets = (
				B0F291EA1C6EE80300787D19 /* GYStatusBarHUD */,
				B0F292031C6EE80400787D19 /* GYStatusBarHUDTests */,
				B0F2920E1C6EE80400787D19 /* GYStatusBarHUDUITests */,
			);
		};
/* End PBXProject section */

/* Begin PBXResourcesBuildPhase section */
		B0F291E91C6EE80300787D19 /* Resources */ = {
			isa = PBXResourcesBuildPhase;
			buildActionMask = 2147483647;
			files = (
				B0F291FE1C6EE80400787D19 /* LaunchScreen.storyboard in Resources */,
				B0F291FB1C6EE80400787D19 /* Assets.xcassets in Resources */,
				B0F291F91C6EE80400787D19 /* Main.storyboard in Resources */,
				B0F2922E1C6EEC8900787D19 /* GYStatusBarHUD.bundle in Resources */,
			);
			runOnlyForDeploymentPostprocessing = 0;
		};
		B0F292021C6EE80400787D19 /* Resources */ = {
			isa = PBXResourcesBuildPhase;
			buildActionMask = 2147483647;
			files = (
			);
			runOnlyForDeploymentPostprocessing = 0;
		};
		B0F2920D1C6EE80400787D19 /* Resources */ = {
			isa = PBXResourcesBuildPhase;
			buildActionMask = 2147483647;
			files = (
			);
			runOnlyForDeploymentPostprocessing = 0;
		};
/* End PBXResourcesBuildPhase section */

/* Begin PBXSourcesBuildPhase section */
		B0F291E71C6EE80300787D19 /* Sources */ = {
			isa = PBXSourcesBuildPhase;
			buildActionMask = 2147483647;
			files = (
				B0F291F61C6EE80400787D19 /* ViewController.m in Sources */,
				B0F292231C6EE8AC00787D19 /* GYStatusBarHUD.m in Sources */,
				B0F291F31C6EE80400787D19 /* AppDelegate.m in Sources */,
				B0F291F01C6EE80400787D19 /* main.m in Sources */,
			);
			runOnlyForDeploymentPostprocessing = 0;
		};
		B0F292001C6EE80400787D19 /* Sources */ = {
			isa = PBXSourcesBuildPhase;
			buildActionMask = 2147483647;
			files = (
				B0F292091C6EE80400787D19 /* GYStatusBarHUDTests.m in Sources */,
			);
			runOnlyForDeploymentPostprocessing = 0;
		};
		B0F2920B1C6EE80400787D19 /* Sources */ = {
			isa = PBXSourcesBuildPhase;
			buildActionMask = 2147483647;
			files = (
				B0F292141C6EE80500787D19 /* GYStatusBarHUDUITests.m in Sources */,
			);
			runOnlyForDeploymentPostprocessing = 0;
		};
/* End PBXSourcesBuildPhase section */

/* Begin PBXTargetDependency section */
		B0F292061C6EE80400787D19 /* PBXTargetDependency */ = {
			isa = PBXTargetDependency;
			target = B0F291EA1C6EE80300787D19 /* GYStatusBarHUD */;
			targetProxy = B0F292051C6EE80400787D19 /* PBXContainerItemProxy */;
		};
		B0F292111C6EE80400787D19 /* PBXTargetDependency */ = {
			isa = PBXTargetDependency;
			target = B0F291EA1C6EE80300787D19 /* GYStatusBarHUD */;
			targetProxy = B0F292101C6EE80400787D19 /* PBXContainerItemProxy */;
		};
/* End PBXTargetDependency section */

/* Begin PBXVariantGroup section */
		B0F291F71C6EE80400787D19 /* Main.storyboard */ = {
			isa = PBXVariantGroup;
			children = (
				B0F291F81C6EE80400787D19 /* Base */,
			);
			name = Main.storyboard;
			sourceTree = "<group>";
		};
		B0F291FC1C6EE80400787D19 /* LaunchScreen.storyboard */ = {
			isa = PBXVariantGroup;
			children = (
				B0F291FD1C6EE80400787D19 /* Base */,
			);
			name = LaunchScreen.storyboard;
			sourceTree = "<group>";
		};
/* End PBXVariantGroup section */

/* Begin XCBuildConfiguration section */
		B0F292161C6EE80500787D19 /* Debug */ = {
			isa = XCBuildConfiguration;
			buildSettings = {
				ALWAYS_SEARCH_USER_PATHS = NO;
				CLANG_CXX_LANGUAGE_STANDARD = "gnu++0x";
				CLANG_CXX_LIBRARY = "libc++";
				CLANG_ENABLE_MODULES = YES;
				CLANG_ENABLE_OBJC_ARC = YES;
				CLANG_WARN_BOOL_CONVERSION = YES;
				CLANG_WARN_CONSTANT_CONVERSION = YES;
				CLANG_WARN_DIRECT_OBJC_ISA_USAGE = YES_ERROR;
				CLANG_WARN_EMPTY_BODY = YES;
				CLANG_WARN_ENUM_CONVERSION = YES;
				CLANG_WARN_INT_CONVERSION = YES;
				CLANG_WARN_OBJC_ROOT_CLASS = YES_ERROR;
				CLANG_WARN_UNREACHABLE_CODE = YES;
				CLANG_WARN__DUPLICATE_METHOD_MATCH = YES;
				"CODE_SIGN_IDENTITY[sdk=iphoneos*]" = "iPhone Developer";
				COPY_PHASE_STRIP = NO;
				DEBUG_INFORMATION_FORMAT = dwarf;
				ENABLE_STRICT_OBJC_MSGSEND = YES;
				ENABLE_TESTABILITY = YES;
				GCC_C_LANGUAGE_STANDARD = gnu99;
				GCC_DYNAMIC_NO_PIC = NO;
				GCC_NO_COMMON_BLOCKS = YES;
				GCC_OPTIMIZATION_LEVEL = 0;
				GCC_PREPROCESSOR_DEFINITIONS = (
					"DEBUG=1",
					"$(inherited)",
				);
				GCC_WARN_64_TO_32_BIT_CONVERSION = YES;
				GCC_WARN_ABOUT_RETURN_TYPE = YES_ERROR;
				GCC_WARN_UNDECLARED_SELECTOR = YES;
				GCC_WARN_UNINITIALIZED_AUTOS = YES_AGGRESSIVE;
				GCC_WARN_UNUSED_FUNCTION = YES;
				GCC_WARN_UNUSED_VARIABLE = YES;
				IPHONEOS_DEPLOYMENT_TARGET = 9.2;
				MTL_ENABLE_DEBUG_INFO = YES;
				ONLY_ACTIVE_ARCH = YES;
				SDKROOT = iphoneos;
				TARGETED_DEVICE_FAMILY = "1,2";
			};
			name = Debug;
		};
		B0F292171C6EE80500787D19 /* Release */ = {
			isa = XCBuildConfiguration;
			buildSettings = {
				ALWAYS_SEARCH_USER_PATHS = NO;
				CLANG_CXX_LANGUAGE_STANDARD = "gnu++0x";
				CLANG_CXX_LIBRARY = "libc++";
				CLANG_ENABLE_MODULES = YES;
				CLANG_ENABLE_OBJC_ARC = YES;
				CLANG_WARN_BOOL_CONVERSION = YES;
				CLANG_WARN_CONSTANT_CONVERSION = YES;
				CLANG_WARN_DIRECT_OBJC_ISA_USAGE = YES_ERROR;
				CLANG_WARN_EMPTY_BODY = YES;
				CLANG_WARN_ENUM_CONVERSION = YES;
				CLANG_WARN_INT_CONVERSION = YES;
				CLANG_WARN_OBJC_ROOT_CLASS = YES_ERROR;
				CLANG_WARN_UNREACHABLE_CODE = YES;
				CLANG_WARN__DUPLICATE_METHOD_MATCH = YES;
				"CODE_SIGN_IDENTITY[sdk=iphoneos*]" = "iPhone Developer";
				COPY_PHASE_STRIP = NO;
				DEBUG_INFORMATION_FORMAT = "dwarf-with-dsym";
				ENABLE_NS_ASSERTIONS = NO;
				ENABLE_STRICT_OBJC_MSGSEND = YES;
				GCC_C_LANGUAGE_STANDARD = gnu99;
				GCC_NO_COMMON_BLOCKS = YES;
				GCC_WARN_64_TO_32_BIT_CONVERSION = YES;
				GCC_WARN_ABOUT_RETURN_TYPE = YES_ERROR;
				GCC_WARN_UNDECLARED_SELECTOR = YES;
				GCC_WARN_UNINITIALIZED_AUTOS = YES_AGGRESSIVE;
				GCC_WARN_UNUSED_FUNCTION = YES;
				GCC_WARN_UNUSED_VARIABLE = YES;
				IPHONEOS_DEPLOYMENT_TARGET = 9.2;
				MTL_ENABLE_DEBUG_INFO = NO;
				SDKROOT = iphoneos;
				TARGETED_DEVICE_FAMILY = "1,2";
				VALIDATE_PRODUCT = YES;
			};
			name = Release;
		};
		B0F292191C6EE80500787D19 /* Debug */ = {
			isa = XCBuildConfiguration;
			buildSettings = {
				ASSETCATALOG_COMPILER_APPICON_NAME = AppIcon;
				INFOPLIST_FILE = GYStatusBarHUD/Info.plist;
				LD_RUNPATH_SEARCH_PATHS = "$(inherited) @executable_path/Frameworks";
				PRODUCT_BUNDLE_IDENTIFIER = com.guoya.GYStatusBarHUD;
				PRODUCT_NAME = "$(TARGET_NAME)";
			};
			name = Debug;
		};
		B0F2921A1C6EE80500787D19 /* Release */ = {
			isa = XCBuildConfiguration;
			buildSettings = {
				ASSETCATALOG_COMPILER_APPICON_NAME = AppIcon;
				INFOPLIST_FILE = GYStatusBarHUD/Info.plist;
				LD_RUNPATH_SEARCH_PATHS = "$(inherited) @executable_path/Frameworks";
				PRODUCT_BUNDLE_IDENTIFIER = com.guoya.GYStatusBarHUD;
				PRODUCT_NAME = "$(TARGET_NAME)";
			};
			name = Release;
		};
		B0F2921C1C6EE80500787D19 /* Debug */ = {
			isa = XCBuildConfiguration;
			buildSettings = {
				BUNDLE_LOADER = "$(TEST_HOST)";
				INFOPLIST_FILE = GYStatusBarHUDTests/Info.plist;
				LD_RUNPATH_SEARCH_PATHS = "$(inherited) @executable_path/Frameworks @loader_path/Frameworks";
				PRODUCT_BUNDLE_IDENTIFIER = com.guoya.GYStatusBarHUDTests;
				PRODUCT_NAME = "$(TARGET_NAME)";
				TEST_HOST = "$(BUILT_PRODUCTS_DIR)/GYStatusBarHUD.app/GYStatusBarHUD";
			};
			name = Debug;
		};
		B0F2921D1C6EE80500787D19 /* Release */ = {
			isa = XCBuildConfiguration;
			buildSettings = {
				BUNDLE_LOADER = "$(TEST_HOST)";
				INFOPLIST_FILE = GYStatusBarHUDTests/Info.plist;
				LD_RUNPATH_SEARCH_PATHS = "$(inherited) @executable_path/Frameworks @loader_path/Frameworks";
				PRODUCT_BUNDLE_IDENTIFIER = com.guoya.GYStatusBarHUDTests;
				PRODUCT_NAME = "$(TARGET_NAME)";
				TEST_HOST = "$(BUILT_PRODUCTS_DIR)/GYStatusBarHUD.app/GYStatusBarHUD";
			};
			name = Release;
		};
		B0F2921F1C6EE80500787D19 /* Debug */ = {
			isa = XCBuildConfiguration;
			buildSettings = {
				INFOPLIST_FILE = GYStatusBarHUDUITests/Info.plist;
				LD_RUNPATH_SEARCH_PATHS = "$(inherited) @executable_path/Frameworks @loader_path/Frameworks";
				PRODUCT_BUNDLE_IDENTIFIER = com.guoya.GYStatusBarHUDUITests;
				PRODUCT_NAME = "$(TARGET_NAME)";
				TEST_TARGET_NAME = GYStatusBarHUD;
				USES_XCTRUNNER = YES;
			};
			name = Debug;
		};
		B0F292201C6EE80500787D19 /* Release */ = {
			isa = XCBuildConfiguration;
			buildSettings = {
				INFOPLIST_FILE = GYStatusBarHUDUITests/Info.plist;
				LD_RUNPATH_SEARCH_PATHS = "$(inherited) @executable_path/Frameworks @loader_path/Frameworks";
				PRODUCT_BUNDLE_IDENTIFIER = com.guoya.GYStatusBarHUDUITests;
				PRODUCT_NAME = "$(TARGET_NAME)";
				TEST_TARGET_NAME = GYStatusBarHUD;
				USES_XCTRUNNER = YES;
			};
			name = Release;
		};
/* End XCBuildConfiguration section */

/* Begin XCConfigurationList section */
		B0F291E61C6EE80300787D19 /* Build configuration list for PBXProject "GYStatusBarHUD" */ = {
			isa = XCConfigurationList;
			buildConfigurations = (
				B0F292161C6EE80500787D19 /* Debug */,
				B0F292171C6EE80500787D19 /* Release */,
			);
			defaultConfigurationIsVisible = 0;
			defaultConfigurationName = Release;
		};
		B0F292181C6EE80500787D19 /* Build configuration list for PBXNativeTarget "GYStatusBarHUD" */ = {
			isa = XCConfigurationList;
			buildConfigurations = (
				B0F292191C6EE80500787D19 /* Debug */,
				B0F2921A1C6EE80500787D19 /* Release */,
			);
			defaultConfigurationIsVisible = 0;
		};
		B0F2921B1C6EE80500787D19 /* Build configuration list for PBXNativeTarget "GYStatusBarHUDTests" */ = {
			isa = XCConfigurationList;
			buildConfigurations = (
				B0F2921C1C6EE80500787D19 /* Debug */,
				B0F2921D1C6EE80500787D19 /* Release */,
			);
			defaultConfigurationIsVisible = 0;
		};
		B0F2921E1C6EE80500787D19 /* Build configuration list for PBXNativeTarget "GYStatusBarHUDUITests" */ = {
			isa = XCConfigurationList;
			buildConfigurations = (
				B0F2921F1C6EE80500787D19 /* Debug */,
				B0F292201C6EE80500787D19 /* Release */,
			);
			defaultConfigurationIsVisible = 0;
		};
/* End XCConfigurationList section */
	};
	rootObject = B0F291E31C6EE80300787D19 /* Project object */;
}
